
Microsoft Visual Studio Solution File, Format Version 12.00
# Visual Studio 14
VisualStudioVersion = 14.0.25420.1
MinimumVisualStudioVersion = 10.0.40219.1
Project("{FAE04EC0-301F-11D3-BF4B-00C04F79EFBC}") = "Liekhus.EDMX.Transitive.Entities", "Liekhus.EDMX.Transitive.Entities\Liekhus.EDMX.Transitive.Entities.csproj", "{DC8AD5CA-4866-49BB-BC83-50F379DA876F}"
EndProject
Global
	GlobalSection(SolutionConfigurationPlatforms) = preSolution
		Debug|Any CPU = Debug|Any CPU
		Release|Any CPU = Release|Any CPU
	EndGlobalSection
	GlobalSection(ProjectConfigurationPlatforms) = postSolution
		{DC8AD5CA-4866-49BB-BC83-50F379DA876F}.Debug|Any CPU.ActiveCfg = Debug|Any CPU
		{DC8AD5CA-4866-49BB-BC83-50F379DA876F}.Debug|Any CPU.Build.0 = Debug|Any CPU
		{DC8AD5CA-4866-49BB-BC83-50F379DA876F}.Release|Any CPU.ActiveCfg = Release|Any CPU
		{DC8AD5CA-4866-49BB-BC83-50F379DA876F}.Release|Any CPU.Build.0 = Release|Any CPU
	EndGlobalSection
	GlobalSection(SolutionProperties) = preSolution
		HideSolutionNode = FALSE
	EndGlobalSection
	GlobalSection(CodealikeProperties) = postSolution
		SolutionGuid = ca5bb9d5-2375-4df5-bdfe-c5a1646b5e06
	EndGlobalSection
EndGlobal
